
Microsoft Visual Studio Solution File, Format Version 12.00
# Visual Studio Version 17
VisualStudioVersion = 17.4.33110.190
MinimumVisualStudioVersion = 10.0.40219.1
Project("{FAE04EC0-301F-11D3-BF4B-00C04F79EFBC}") = "ShiftSystemAPI", "ShiftSystemAPI\ShiftSystemAPI.csproj", "{0F194A30-BA70-4DBB-B3DF-76F6E90677E1}"
EndProject
Project("{FAE04EC0-301F-11D3-BF4B-00C04F79EFBC}") = "Person.API", "Person.API\Person.API.csproj", "{DB657E07-E647-4518-81DE-B08B90655A4C}"
EndProject
Project("{2150E333-8FDC-42A3-9474-1A3956D46DE8}") = "Person", "Person", "{3BFEC7D9-6289-4BC0-AD99-1D2183589A53}"
EndProject
Project("{2150E333-8FDC-42A3-9474-1A3956D46DE8}") = "Queue", "Queue", "{EAFF38F6-D6E7-4209-A1E7-15D706300A10}"
EndProject
Project("{FAE04EC0-301F-11D3-BF4B-00C04F79EFBC}") = "Queue.API", "QueueAPI\Queue.API.csproj", "{9E2A9CFD-C017-443C-A34B-46C88E35A7DC}"
EndProject
Project("{FAE04EC0-301F-11D3-BF4B-00C04F79EFBC}") = "Person.Application", "Person.Application\Person.Application.csproj", "{BEF02C96-E9D7-4707-9D21-4BAE943AD51E}"
EndProject
Project("{FAE04EC0-301F-11D3-BF4B-00C04F79EFBC}") = "Person.Domain", "Person.Domain\Person.Domain.csproj", "{B5146F98-9616-42A5-97B9-AA5EF7627A36}"
EndProject
Project("{FAE04EC0-301F-11D3-BF4B-00C04F79EFBC}") = "Person.Infrastructure", "Person.Infrastructure\Person.Infrastructure.csproj", "{79F07364-2E85-4DA9-8C95-D5FB508F8425}"
EndProject
Project("{FAE04EC0-301F-11D3-BF4B-00C04F79EFBC}") = "Queue.Application", "Queue.Application\Queue.Application.csproj", "{1A3039F4-02E6-4FE1-AE8C-1246A5B34868}"
EndProject
Project("{FAE04EC0-301F-11D3-BF4B-00C04F79EFBC}") = "Queue.Domain", "Queue.Domain\Queue.Domain.csproj", "{AAF2AAF7-58EB-4095-A2D8-5FE5692A6206}"
EndProject
Project("{FAE04EC0-301F-11D3-BF4B-00C04F79EFBC}") = "Queue.Infrastructure", "Queue.Infrastructure\Queue.Infrastructure.csproj", "{7CE7B081-6DDF-473C-9EE0-B4C28823C137}"
EndProject
Project("{2150E333-8FDC-42A3-9474-1A3956D46DE8}") = "QueuePerson", "QueuePerson", "{C24EBA06-C56B-40DC-9093-D7456B370F28}"
EndProject
Project("{FAE04EC0-301F-11D3-BF4B-00C04F79EFBC}") = "QueuePerson.Application", "QueuePerson.Application\QueuePerson.Application.csproj", "{CB90DF28-4A25-42B3-8063-7A3286C020C3}"
EndProject
Project("{FAE04EC0-301F-11D3-BF4B-00C04F79EFBC}") = "QueuePerson.Domain", "QueuePerson.Domain\QueuePerson.Domain.csproj", "{47484D91-46C8-4FC8-9EBF-236419040FB9}"
EndProject
Project("{FAE04EC0-301F-11D3-BF4B-00C04F79EFBC}") = "QueuePerson.Infrastructure", "QueuePerson.Infrastructure\QueuePerson.Infrastructure.csproj", "{B3C2CBA3-483E-409E-AEA9-92D7CB9C9C2B}"
EndProject
Project("{FAE04EC0-301F-11D3-BF4B-00C04F79EFBC}") = "QueuePerson.API", "QueuePerson.API\QueuePerson.API.csproj", "{7A6E2766-AC19-4936-8C4C-A9D45B0F5BEB}"
EndProject
Global
	GlobalSection(SolutionConfigurationPlatforms) = preSolution
		Debug|Any CPU = Debug|Any CPU
		Release|Any CPU = Release|Any CPU
	EndGlobalSection
	GlobalSection(ProjectConfigurationPlatforms) = postSolution
		{0F194A30-BA70-4DBB-B3DF-76F6E90677E1}.Debug|Any CPU.ActiveCfg = Debug|Any CPU
		{0F194A30-BA70-4DBB-B3DF-76F6E90677E1}.Debug|Any CPU.Build.0 = Debug|Any CPU
		{0F194A30-BA70-4DBB-B3DF-76F6E90677E1}.Release|Any CPU.ActiveCfg = Release|Any CPU
		{0F194A30-BA70-4DBB-B3DF-76F6E90677E1}.Release|Any CPU.Build.0 = Release|Any CPU
		{DB657E07-E647-4518-81DE-B08B90655A4C}.Debug|Any CPU.ActiveCfg = Debug|Any CPU
		{DB657E07-E647-4518-81DE-B08B90655A4C}.Debug|Any CPU.Build.0 = Debug|Any CPU
		{DB657E07-E647-4518-81DE-B08B90655A4C}.Release|Any CPU.ActiveCfg = Release|Any CPU
		{DB657E07-E647-4518-81DE-B08B90655A4C}.Release|Any CPU.Build.0 = Release|Any CPU
		{9E2A9CFD-C017-443C-A34B-46C88E35A7DC}.Debug|Any CPU.ActiveCfg = Debug|Any CPU
		{9E2A9CFD-C017-443C-A34B-46C88E35A7DC}.Debug|Any CPU.Build.0 = Debug|Any CPU
		{9E2A9CFD-C017-443C-A34B-46C88E35A7DC}.Release|Any CPU.ActiveCfg = Release|Any CPU
		{9E2A9CFD-C017-443C-A34B-46C88E35A7DC}.Release|Any CPU.Build.0 = Release|Any CPU
		{BEF02C96-E9D7-4707-9D21-4BAE943AD51E}.Debug|Any CPU.ActiveCfg = Debug|Any CPU
		{BEF02C96-E9D7-4707-9D21-4BAE943AD51E}.Debug|Any CPU.Build.0 = Debug|Any CPU
		{BEF02C96-E9D7-4707-9D21-4BAE943AD51E}.Release|Any CPU.ActiveCfg = Release|Any CPU
		{BEF02C96-E9D7-4707-9D21-4BAE943AD51E}.Release|Any CPU.Build.0 = Release|Any CPU
		{B5146F98-9616-42A5-97B9-AA5EF7627A36}.Debug|Any CPU.ActiveCfg = Debug|Any CPU
		{B5146F98-9616-42A5-97B9-AA5EF7627A36}.Debug|Any CPU.Build.0 = Debug|Any CPU
		{B5146F98-9616-42A5-97B9-AA5EF7627A36}.Release|Any CPU.ActiveCfg = Release|Any CPU
		{B5146F98-9616-42A5-97B9-AA5EF7627A36}.Release|Any CPU.Build.0 = Release|Any CPU
		{79F07364-2E85-4DA9-8C95-D5FB508F8425}.Debug|Any CPU.ActiveCfg = Debug|Any CPU
		{79F07364-2E85-4DA9-8C95-D5FB508F8425}.Debug|Any CPU.Build.0 = Debug|Any CPU
		{79F07364-2E85-4DA9-8C95-D5FB508F8425}.Release|Any CPU.ActiveCfg = Release|Any CPU
		{79F07364-2E85-4DA9-8C95-D5FB508F8425}.Release|Any CPU.Build.0 = Release|Any CPU
		{1A3039F4-02E6-4FE1-AE8C-1246A5B34868}.Debug|Any CPU.ActiveCfg = Debug|Any CPU
		{1A3039F4-02E6-4FE1-AE8C-1246A5B34868}.Debug|Any CPU.Build.0 = Debug|Any CPU
		{1A3039F4-02E6-4FE1-AE8C-1246A5B34868}.Release|Any CPU.ActiveCfg = Release|Any CPU
		{1A3039F4-02E6-4FE1-AE8C-1246A5B34868}.Release|Any CPU.Build.0 = Release|Any CPU
		{AAF2AAF7-58EB-4095-A2D8-5FE5692A6206}.Debug|Any CPU.ActiveCfg = Debug|Any CPU
		{AAF2AAF7-58EB-4095-A2D8-5FE5692A6206}.Debug|Any CPU.Build.0 = Debug|Any CPU
		{AAF2AAF7-58EB-4095-A2D8-5FE5692A6206}.Release|Any CPU.ActiveCfg = Release|Any CPU
		{AAF2AAF7-58EB-4095-A2D8-5FE5692A6206}.Release|Any CPU.Build.0 = Release|Any CPU
		{7CE7B081-6DDF-473C-9EE0-B4C28823C137}.Debug|Any CPU.ActiveCfg = Debug|Any CPU
		{7CE7B081-6DDF-473C-9EE0-B4C28823C137}.Debug|Any CPU.Build.0 = Debug|Any CPU
		{7CE7B081-6DDF-473C-9EE0-B4C28823C137}.Release|Any CPU.ActiveCfg = Release|Any CPU
		{7CE7B081-6DDF-473C-9EE0-B4C28823C137}.Release|Any CPU.Build.0 = Release|Any CPU
		{CB90DF28-4A25-42B3-8063-7A3286C020C3}.Debug|Any CPU.ActiveCfg = Debug|Any CPU
		{CB90DF28-4A25-42B3-8063-7A3286C020C3}.Debug|Any CPU.Build.0 = Debug|Any CPU
		{CB90DF28-4A25-42B3-8063-7A3286C020C3}.Release|Any CPU.ActiveCfg = Release|Any CPU
		{CB90DF28-4A25-42B3-8063-7A3286C020C3}.Release|Any CPU.Build.0 = Release|Any CPU
		{47484D91-46C8-4FC8-9EBF-236419040FB9}.Debug|Any CPU.ActiveCfg = Debug|Any CPU
		{47484D91-46C8-4FC8-9EBF-236419040FB9}.Debug|Any CPU.Build.0 = Debug|Any CPU
		{47484D91-46C8-4FC8-9EBF-236419040FB9}.Release|Any CPU.ActiveCfg = Release|Any CPU
		{47484D91-46C8-4FC8-9EBF-236419040FB9}.Release|Any CPU.Build.0 = Release|Any CPU
		{B3C2CBA3-483E-409E-AEA9-92D7CB9C9C2B}.Debug|Any CPU.ActiveCfg = Debug|Any CPU
		{B3C2CBA3-483E-409E-AEA9-92D7CB9C9C2B}.Debug|Any CPU.Build.0 = Debug|Any CPU
		{B3C2CBA3-483E-409E-AEA9-92D7CB9C9C2B}.Release|Any CPU.ActiveCfg = Release|Any CPU
		{B3C2CBA3-483E-409E-AEA9-92D7CB9C9C2B}.Release|Any CPU.Build.0 = Release|Any CPU
		{7A6E2766-AC19-4936-8C4C-A9D45B0F5BEB}.Debug|Any CPU.ActiveCfg = Debug|Any CPU
		{7A6E2766-AC19-4936-8C4C-A9D45B0F5BEB}.Debug|Any CPU.Build.0 = Debug|Any CPU
		{7A6E2766-AC19-4936-8C4C-A9D45B0F5BEB}.Release|Any CPU.ActiveCfg = Release|Any CPU
		{7A6E2766-AC19-4936-8C4C-A9D45B0F5BEB}.Release|Any CPU.Build.0 = Release|Any CPU
	EndGlobalSection
	GlobalSection(SolutionProperties) = preSolution
		HideSolutionNode = FALSE
	EndGlobalSection
	GlobalSection(NestedProjects) = preSolution
		{DB657E07-E647-4518-81DE-B08B90655A4C} = {3BFEC7D9-6289-4BC0-AD99-1D2183589A53}
		{9E2A9CFD-C017-443C-A34B-46C88E35A7DC} = {EAFF38F6-D6E7-4209-A1E7-15D706300A10}
		{BEF02C96-E9D7-4707-9D21-4BAE943AD51E} = {3BFEC7D9-6289-4BC0-AD99-1D2183589A53}
		{B5146F98-9616-42A5-97B9-AA5EF7627A36} = {3BFEC7D9-6289-4BC0-AD99-1D2183589A53}
		{79F07364-2E85-4DA9-8C95-D5FB508F8425} = {3BFEC7D9-6289-4BC0-AD99-1D2183589A53}
		{1A3039F4-02E6-4FE1-AE8C-1246A5B34868} = {EAFF38F6-D6E7-4209-A1E7-15D706300A10}
		{AAF2AAF7-58EB-4095-A2D8-5FE5692A6206} = {EAFF38F6-D6E7-4209-A1E7-15D706300A10}
		{7CE7B081-6DDF-473C-9EE0-B4C28823C137} = {EAFF38F6-D6E7-4209-A1E7-15D706300A10}
		{CB90DF28-4A25-42B3-8063-7A3286C020C3} = {C24EBA06-C56B-40DC-9093-D7456B370F28}
		{47484D91-46C8-4FC8-9EBF-236419040FB9} = {C24EBA06-C56B-40DC-9093-D7456B370F28}
		{B3C2CBA3-483E-409E-AEA9-92D7CB9C9C2B} = {C24EBA06-C56B-40DC-9093-D7456B370F28}
		{7A6E2766-AC19-4936-8C4C-A9D45B0F5BEB} = {C24EBA06-C56B-40DC-9093-D7456B370F28}
	EndGlobalSection
	GlobalSection(ExtensibilityGlobals) = postSolution
		SolutionGuid = {5B78752B-0E22-4B50-B9BC-20B49D6C3BB9}
	EndGlobalSection
EndGlobal
